github.com/KimoTek/Golang v0.0.0-20200426210016-a9fca8f1bbb3 h1:c4hyiVKgorbjEOfmHJstDz3+HBddzDarYe3r3Jqs/Tc=
github.com/KimoTek/Golang/util v0.0.0-20200426210016-a9fca8f1bbb3 h1:ZypPyov6u8VqINGA61mI4nOPxMu2WEXVwyGzFMUaW3Q=
github.com/KimoTek/Golang/util v0.0.0-20200426210016-a9fca8f1bbb3/go.mod h1:x9EbXjrhjCyfcI+e2O5FwjID1TS5Mfld5p4kzi6V9t4=
